
Microsoft Visual Studio Solution File, Format Version 12.00
# Visual Studio 2012
Project("{FAE04EC0-301F-11D3-BF4B-00C04F79EFBC}") = "NetHesaplama", "NetHesaplama\NetHesaplama.csproj", "{F5F88593-3A00-43DC-B7E1-4BA3FC402565}"
EndProject
Global
	GlobalSection(SolutionConfigurationPlatforms) = preSolution
		Debug|Any CPU = Debug|Any CPU
		Release|Any CPU = Release|Any CPU
	EndGlobalSection
	GlobalSection(ProjectConfigurationPlatforms) = postSolution
		{F5F88593-3A00-43DC-B7E1-4BA3FC402565}.Debug|Any CPU.ActiveCfg = Debug|Any CPU
		{F5F88593-3A00-43DC-B7E1-4BA3FC402565}.Debug|Any CPU.Build.0 = Debug|Any CPU
		{F5F88593-3A00-43DC-B7E1-4BA3FC402565}.Release|Any CPU.ActiveCfg = Release|Any CPU
		{F5F88593-3A00-43DC-B7E1-4BA3FC402565}.Release|Any CPU.Build.0 = Release|Any CPU
	EndGlobalSection
	GlobalSection(SolutionProperties) = preSolution
		HideSolutionNode = FALSE
	EndGlobalSection
EndGlobal
